Microsoft Visual Studio Solution File, Format Version 12.00
# Visual Studio Version 17
VisualStudioVersion = 17.5.2.0
MinimumVisualStudioVersion = 10.0.40219.1
Project("{FAE04EC0-301F-11D3-BF4B-00C04F79EFBC}") = "latihan-taskmanagercli", "latihan-taskmanagercli.csproj", "{AE457ACA-DD98-D85B-E8C1-21EC2B1F73D0}"
EndProject
Global
	GlobalSection(SolutionConfigurationPlatforms) = preSolution
		Debug|Any CPU = Debug|Any CPU
		Release|Any CPU = Release|Any CPU
	EndGlobalSection
	GlobalSection(ProjectConfigurationPlatforms) = postSolution
		{AE457ACA-DD98-D85B-E8C1-21EC2B1F73D0}.Debug|Any CPU.ActiveCfg = Debug|Any CPU
		{AE457ACA-DD98-D85B-E8C1-21EC2B1F73D0}.Debug|Any CPU.Build.0 = Debug|Any CPU
		{AE457ACA-DD98-D85B-E8C1-21EC2B1F73D0}.Release|Any CPU.ActiveCfg = Release|Any CPU
		{AE457ACA-DD98-D85B-E8C1-21EC2B1F73D0}.Release|Any CPU.Build.0 = Release|Any CPU
	EndGlobalSection
	GlobalSection(SolutionProperties) = preSolution
		HideSolutionNode = FALSE
	EndGlobalSection
	GlobalSection(ExtensibilityGlobals) = postSolution
		SolutionGuid = {094CABAB-9777-4AE5-B381-2AE85AC57A33}
	EndGlobalSection
EndGlobal
